{
  "lockfileVersion": 1,
  "configVersion": 1,
  "workspaces": {
    "": {
      "name": "aws-pricing-vcs",
      "dependencies": {
        "@aws-sdk/client-pricing": "^3.654.0",
        "commander": "^12.1.0",
        "dotenv": "^16.4.5",
      },
      "devDependencies": {
        "@types/bun": "latest",
        "typescript": "^5.6.0",
      },
    },
  },
  "packages": {
    "@aws-crypto/sha256-browser": ["@aws-crypto/sha256-browser@5.2.0", "", { "dependencies": { "@aws-crypto/sha256-js": "^5.2.0", "@aws-crypto/supports-web-crypto": "^5.2.0", "@aws-crypto/util": "^5.2.0", "@aws-sdk/types": "^3.222.0", "@aws-sdk/util-locate-window": "^3.0.0", "@smithy/util-utf8": "^2.0.0", "tslib": "^2.6.2" } }, "sha512-AXfN/lGotSQwu6HNcEsIASo7kWXZ5HYWvfOmSNKDsEqC4OashTp8alTmaz+F7TC2L083SFv5RdB+qU3Vs1kZqw=="],

    "@aws-crypto/sha256-js": ["@aws-crypto/sha256-js@5.2.0", "", { "dependencies": { "@aws-crypto/util": "^5.2.0", "@aws-sdk/types": "^3.222.0", "tslib": "^2.6.2" } }, "sha512-FFQQyu7edu4ufvIZ+OadFpHHOt+eSTBaYaki44c+akjg7qZg9oOQeLlk77F6tSYqjDAFClrHJk9tMf0HdVyOvA=="],

    "@aws-crypto/supports-web-crypto": ["@aws-crypto/supports-web-crypto@5.2.0", "", { "dependencies": { "tslib": "^2.6.2" } }, "sha512-iAvUotm021kM33eCdNfwIN//F77/IADDSs58i+MDaOqFrVjZo9bAal0NK7HurRuWLLpF1iLX7gbWrjHjeo+YFg=="],

    "@aws-crypto/util": ["@aws-crypto/util@5.2.0", "", { "dependencies": { "@aws-sdk/types": "^3.222.0", "@smithy/util-utf8": "^2.0.0", "tslib": "^2.6.2" } }, "sha512-4RkU9EsI6ZpBve5fseQlGNUWKMa1RLPQ1dnjnQoe07ldfIzcsGb5hC5W0Dm7u423KWzawlrpbjXBrXCEv9zazQ=="],

    "@aws-sdk/client-pricing": ["@aws-sdk/client-pricing@3.1029.0", "", { "dependencies": { "@aws-crypto/sha256-browser": "5.2.0", "@aws-crypto/sha256-js": "5.2.0", "@aws-sdk/core": "^3.973.27", "@aws-sdk/credential-provider-node": "^3.972.30", "@aws-sdk/middleware-host-header": "^3.972.9", "@aws-sdk/middleware-logger": "^3.972.9", "@aws-sdk/middleware-recursion-detection": "^3.972.10", "@aws-sdk/middleware-user-agent": "^3.972.29", "@aws-sdk/region-config-resolver": "^3.972.11", "@aws-sdk/types": "^3.973.7", "@aws-sdk/util-endpoints": "^3.996.6", "@aws-sdk/util-user-agent-browser": "^3.972.9", "@aws-sdk/util-user-agent-node": "^3.973.15", "@smithy/config-resolver": "^4.4.14", "@smithy/core": "^3.23.14", "@smithy/fetch-http-handler": "^5.3.16", "@smithy/hash-node": "^4.2.13", "@smithy/invalid-dependency": "^4.2.13", "@smithy/middleware-content-length": "^4.2.13", "@smithy/middleware-endpoint": "^4.4.29", "@smithy/middleware-retry": "^4.5.0", "@smithy/middleware-serde": "^4.2.17", "@smithy/middleware-stack": "^4.2.13", "@smithy/node-config-provider": "^4.3.13", "@smithy/node-http-handler": "^4.5.2", "@smithy/protocol-http": "^5.3.13", "@smithy/smithy-client": "^4.12.9", "@smithy/types": "^4.14.0", "@smithy/url-parser": "^4.2.13", "@smithy/util-base64": "^4.3.2", "@smithy/util-body-length-browser": "^4.2.2", "@smithy/util-body-length-node": "^4.2.3", "@smithy/util-defaults-mode-browser": "^4.3.45", "@smithy/util-defaults-mode-node": "^4.2.49", "@smithy/util-endpoints": "^3.3.4", "@smithy/util-middleware": "^4.2.13", "@smithy/util-retry": "^4.3.0", "@smithy/util-utf8": "^4.2.2", "tslib": "^2.6.2" } }, "sha512-u3n5evdY2MWGYRxEs6NCAZZRfmhjyApxtlcCqez9b0rsEq1POYYIMlztAgji12vaQdomJoRUqyTd2wSIKS9E+Q=="],

    "@aws-sdk/core": ["@aws-sdk/core@3.973.27", "", { "dependencies": { "@aws-sdk/types": "^3.973.7", "@aws-sdk/xml-builder": "^3.972.17", "@smithy/core": "^3.23.14", "@smithy/node-config-provider": "^4.3.13", "@smithy/property-provider": "^4.2.13", "@smithy/protocol-http": "^5.3.13", "@smithy/signature-v4": "^5.3.13", "@smithy/smithy-client": "^4.12.9", "@smithy/types": "^4.14.0", "@smithy/util-base64": "^4.3.2", "@smithy/util-middleware": "^4.2.13", "@smithy/util-utf8": "^4.2.2", "tslib": "^2.6.2" } }, "sha512-CUZ5m8hwMCH6OYI4Li/WgMfIEx10Q2PLI9Y3XOUTPGZJ53aZ0007jCv+X/ywsaERyKPdw5MRZWk877roQksQ4A=="],

    "@aws-sdk/credential-provider-env": ["@aws-sdk/credential-provider-env@3.972.25", "", { "dependencies": { "@aws-sdk/core": "^3.973.27", "@aws-sdk/types": "^3.973.7", "@smithy/property-provider": "^4.2.13", "@smithy/types": "^4.14.0", "tslib": "^2.6.2" } }, "sha512-6QfI0wv4jpG5CrdO/AO0JfZ2ux+tKwJPrUwmvxXF50vI5KIypKVGNF6b4vlkYEnKumDTI1NX2zUBi8JoU5QU3A=="],

    "@aws-sdk/credential-provider-http": ["@aws-sdk/credential-provider-http@3.972.27", "", { "dependencies": { "@aws-sdk/core": "^3.973.27", "@aws-sdk/types": "^3.973.7", "@smithy/fetch-http-handler": "^5.3.16", "@smithy/node-http-handler": "^4.5.2", "@smithy/property-provider": "^4.2.13", "@smithy/protocol-http": "^5.3.13", "@smithy/smithy-client": "^4.12.9", "@smithy/types": "^4.14.0", "@smithy/util-stream": "^4.5.22", "tslib": "^2.6.2" } }, "sha512-3V3Usj9Gs93h865DqN4M2NWJhC5kXU9BvZskfN3+69omuYlE3TZxOEcVQtBGLOloJB7BVfJKXVLqeNhOzHqSlQ=="],

    "@aws-sdk/credential-provider-ini": ["@aws-sdk/credential-provider-ini@3.972.29", "", { "dependencies": { "@aws-sdk/core": "^3.973.27", "@aws-sdk/credential-provider-env": "^3.972.25", "@aws-sdk/credential-provider-http": "^3.972.27", "@aws-sdk/credential-provider-login": "^3.972.29", "@aws-sdk/credential-provider-process": "^3.972.25", "@aws-sdk/credential-provider-sso": "^3.972.29", "@aws-sdk/credential-provider-web-identity": "^3.972.29", "@aws-sdk/nested-clients": "^3.996.19", "@aws-sdk/types": "^3.973.7", "@smithy/credential-provider-imds": "^4.2.13", "@smithy/property-provider": "^4.2.13", "@smithy/shared-ini-file-loader": "^4.4.8", "@smithy/types": "^4.14.0", "tslib": "^2.6.2" } }, "sha512-SiBuAnXecCbT/OpAf3vqyI/AVE3mTaYr9ShXLybxZiPLBiPCCOIWSGAtYYGQWMRvobBTiqOewaB+wcgMMZI2Aw=="],

    "@aws-sdk/credential-provider-login": ["@aws-sdk/credential-provider-login@3.972.29", "", { "dependencies": { "@aws-sdk/core": "^3.973.27", "@aws-sdk/nested-clients": "^3.996.19", "@aws-sdk/types": "^3.973.7", "@smithy/property-provider": "^4.2.13", "@smithy/protocol-http": "^5.3.13", "@smithy/shared-ini-file-loader": "^4.4.8", "@smithy/types": "^4.14.0", "tslib": "^2.6.2" } }, "sha512-OGOslTbOlxXexKMqhxCEbBQbUIfuhGxU5UXw3Fm56ypXHvrXH4aTt/xb5Y884LOoteP1QST1lVZzHfcTnWhiPQ=="],

    "@aws-sdk/credential-provider-node": ["@aws-sdk/credential-provider-node@3.972.30", "", { "dependencies": { "@aws-sdk/credential-provider-env": "^3.972.25", "@aws-sdk/credential-provider-http": "^3.972.27", "@aws-sdk/credential-provider-ini": "^3.972.29", "@aws-sdk/credential-provider-process": "^3.972.25", "@aws-sdk/credential-provider-sso": "^3.972.29", "@aws-sdk/credential-provider-web-identity": "^3.972.29", "@aws-sdk/types": "^3.973.7", "@smithy/credential-provider-imds": "^4.2.13", "@smithy/property-provider": "^4.2.13", "@smithy/shared-ini-file-loader": "^4.4.8", "@smithy/types": "^4.14.0", "tslib": "^2.6.2" } }, "sha512-FMnAnWxc8PG+ZrZ2OBKzY4luCUJhe9CG0B9YwYr4pzrYGLXBS2rl+UoUvjGbAwiptxRL6hyA3lFn03Bv1TLqTw=="],

    "@aws-sdk/credential-provider-process": ["@aws-sdk/credential-provider-process@3.972.25", "", { "dependencies": { "@aws-sdk/core": "^3.973.27", "@aws-sdk/types": "^3.973.7", "@smithy/property-provider": "^4.2.13", "@smithy/shared-ini-file-loader": "^4.4.8", "@smithy/types": "^4.14.0", "tslib": "^2.6.2" } }, "sha512-HR7ynNRdNhNsdVCOCegy1HsfsRzozCOPtD3RzzT1JouuaHobWyRfJzCBue/3jP7gECHt+kQyZUvwg/cYLWurNQ=="],

    "@aws-sdk/credential-provider-sso": ["@aws-sdk/credential-provider-sso@3.972.29", "", { "dependencies": { "@aws-sdk/core": "^3.973.27", "@aws-sdk/nested-clients": "^3.996.19", "@aws-sdk/token-providers": "3.1026.0", "@aws-sdk/types": "^3.973.7", "@smithy/property-provider": "^4.2.13", "@smithy/shared-ini-file-loader": "^4.4.8", "@smithy/types": "^4.14.0", "tslib": "^2.6.2" } }, "sha512-HWv4SEq3jZDYPlwryZVef97+U8CxxRos5mK8sgGO1dQaFZpV5giZLzqGE5hkDmh2csYcBO2uf5XHjPTpZcJlig=="],

    "@aws-sdk/credential-provider-web-identity": ["@aws-sdk/credential-provider-web-identity@3.972.29", "", { "dependencies": { "@aws-sdk/core": "^3.973.27", "@aws-sdk/nested-clients": "^3.996.19", "@aws-sdk/types": "^3.973.7", "@smithy/property-provider": "^4.2.13", "@smithy/shared-ini-file-loader": "^4.4.8", "@smithy/types": "^4.14.0", "tslib": "^2.6.2" } }, "sha512-PdMBza1WEKEUPFEmMGCfnU2RYCz9MskU2e8JxjyUOsMKku7j9YaDKvbDi2dzC0ihFoM6ods2SbhfAAro+Gwlew=="],

    "@aws-sdk/middleware-host-header": ["@aws-sdk/middleware-host-header@3.972.9", "", { "dependencies": { "@aws-sdk/types": "^3.973.7", "@smithy/protocol-http": "^5.3.13", "@smithy/types": "^4.14.0", "tslib": "^2.6.2" } }, "sha512-je5vRdNw4SkuTnmRbFZLdye4sQ0faLt8kwka5wnnSU30q1mHO4X+idGEJOOE+Tn1ME7Oryn05xxkDvIb3UaLaQ=="],

    "@aws-sdk/middleware-logger": ["@aws-sdk/middleware-logger@3.972.9", "", { "dependencies": { "@aws-sdk/types": "^3.973.7", "@smithy/types": "^4.14.0", "tslib": "^2.6.2" } }, "sha512-HsVgDrruhqI28RkaXALm8grJ7Agc1wF6Et0xh6pom8NdO2VdO/SD9U/tPwUjewwK/pVoka+EShBxyCvgsPCtog=="],

    "@aws-sdk/middleware-recursion-detection": ["@aws-sdk/middleware-recursion-detection@3.972.10", "", { "dependencies": { "@aws-sdk/types": "^3.973.7", "@aws/lambda-invoke-store": "^0.2.2", "@smithy/protocol-http": "^5.3.13", "@smithy/types": "^4.14.0", "tslib": "^2.6.2" } }, "sha512-RVQQbq5orQ/GHUnXvqEOj2HHPBJm+mM+ySwZKS5UaLBwra5ugRtiH09PLUoOZRl7a1YzaOzXSuGbn9iD5j60WQ=="],

    "@aws-sdk/middleware-user-agent": ["@aws-sdk/middleware-user-agent@3.972.29", "", { "dependencies": { "@aws-sdk/core": "^3.973.27", "@aws-sdk/types": "^3.973.7", "@aws-sdk/util-endpoints": "^3.996.6", "@smithy/core": "^3.23.14", "@smithy/protocol-http": "^5.3.13", "@smithy/types": "^4.14.0", "@smithy/util-retry": "^4.3.0", "tslib": "^2.6.2" } }, "sha512-f/sIRzuTfEjg6NsbMYvye2VsmnQoNgntntleQyx5uGacUYzszbfIlO3GcI6G6daWUmTm0IDZc11qMHWwF0o0mQ=="],

    "@aws-sdk/nested-clients": ["@aws-sdk/nested-clients@3.996.19", "", { "dependencies": { "@aws-crypto/sha256-browser": "5.2.0", "@aws-crypto/sha256-js": "5.2.0", "@aws-sdk/core": "^3.973.27", "@aws-sdk/middleware-host-header": "^3.972.9", "@aws-sdk/middleware-logger": "^3.972.9", "@aws-sdk/middleware-recursion-detection": "^3.972.10", "@aws-sdk/middleware-user-agent": "^3.972.29", "@aws-sdk/region-config-resolver": "^3.972.11", "@aws-sdk/types": "^3.973.7", "@aws-sdk/util-endpoints": "^3.996.6", "@aws-sdk/util-user-agent-browser": "^3.972.9", "@aws-sdk/util-user-agent-node": "^3.973.15", "@smithy/config-resolver": "^4.4.14", "@smithy/core": "^3.23.14", "@smithy/fetch-http-handler": "^5.3.16", "@smithy/hash-node": "^4.2.13", "@smithy/invalid-dependency": "^4.2.13", "@smithy/middleware-content-length": "^4.2.13", "@smithy/middleware-endpoint": "^4.4.29", "@smithy/middleware-retry": "^4.5.0", "@smithy/middleware-serde": "^4.2.17", "@smithy/middleware-stack": "^4.2.13", "@smithy/node-config-provider": "^4.3.13", "@smithy/node-http-handler": "^4.5.2", "@smithy/protocol-http": "^5.3.13", "@smithy/smithy-client": "^4.12.9", "@smithy/types": "^4.14.0", "@smithy/url-parser": "^4.2.13", "@smithy/util-base64": "^4.3.2", "@smithy/util-body-length-browser": "^4.2.2", "@smithy/util-body-length-node": "^4.2.3", "@smithy/util-defaults-mode-browser": "^4.3.45", "@smithy/util-defaults-mode-node": "^4.2.49", "@smithy/util-endpoints": "^3.3.4", "@smithy/util-middleware": "^4.2.13", "@smithy/util-retry": "^4.3.0", "@smithy/util-utf8": "^4.2.2", "tslib": "^2.6.2" } }, "sha512-uFkmCDXvmQYLanlYdOFS0+MQWkrj9wPMt/ZCc/0J0fjPim6F5jBVBmEomvGY/j77ILW6GTPwN22Jc174Mhkw6Q=="],

    "@aws-sdk/region-config-resolver": ["@aws-sdk/region-config-resolver@3.972.11", "", { "dependencies": { "@aws-sdk/types": "^3.973.7", "@smithy/config-resolver": "^4.4.14", "@smithy/node-config-provider": "^4.3.13", "@smithy/types": "^4.14.0", "tslib": "^2.6.2" } }, "sha512-6Q8B1dcx6BBqUTY1Mc/eROKA0FImEEY5VPSd6AGPEUf0ErjExz4snVqa9kNJSoVDV1rKaNf3qrWojgcKW+SdDg=="],

    "@aws-sdk/token-providers": ["@aws-sdk/token-providers@3.1026.0", "", { "dependencies": { "@aws-sdk/core": "^3.973.27", "@aws-sdk/nested-clients": "^3.996.19", "@aws-sdk/types": "^3.973.7", "@smithy/property-provider": "^4.2.13", "@smithy/shared-ini-file-loader": "^4.4.8", "@smithy/types": "^4.14.0", "tslib": "^2.6.2" } }, "sha512-Ieq/HiRrbEtrYP387Nes0XlR7H1pJiJOZKv+QyQzMYpvTiDs0VKy2ZB3E2Zf+aFovWmeE7lRE4lXyF7dYM6GgA=="],

    "@aws-sdk/types": ["@aws-sdk/types@3.973.7", "", { "dependencies": { "@smithy/types": "^4.14.0", "tslib": "^2.6.2" } }, "sha512-reXRwoJ6CfChoqAsBszUYajAF8Z2LRE+CRcKocvFSMpIiLOtYU3aJ9trmn6VVPAzbbY5LXF+FfmUslbXk1SYFg=="],

    "@aws-sdk/util-endpoints": ["@aws-sdk/util-endpoints@3.996.6", "", { "dependencies": { "@aws-sdk/types": "^3.973.7", "@smithy/types": "^4.14.0", "@smithy/url-parser": "^4.2.13", "@smithy/util-endpoints": "^3.3.4", "tslib": "^2.6.2" } }, "sha512-2nUQ+2ih7CShuKHpGSIYvvAIOHy52dOZguYG36zptBukhw6iFwcvGfG0tes0oZFWQqEWvgZe9HLWaNlvXGdOrg=="],

    "@aws-sdk/util-locate-window": ["@aws-sdk/util-locate-window@3.965.5", "", { "dependencies": { "tslib": "^2.6.2" } }, "sha512-WhlJNNINQB+9qtLtZJcpQdgZw3SCDCpXdUJP7cToGwHbCWCnRckGlc6Bx/OhWwIYFNAn+FIydY8SZ0QmVu3xTQ=="],

    "@aws-sdk/util-user-agent-browser": ["@aws-sdk/util-user-agent-browser@3.972.9", "", { "dependencies": { "@aws-sdk/types": "^3.973.7", "@smithy/types": "^4.14.0", "bowser": "^2.11.0", "tslib": "^2.6.2" } }, "sha512-sn/LMzTbGjYqCCF24390WxPd6hkpoSptiUn5DzVp4cD71yqw+yGEGm1YCxyEoPXyc8qciM8UzLJcZBFslxo5Uw=="],

    "@aws-sdk/util-user-agent-node": ["@aws-sdk/util-user-agent-node@3.973.15", "", { "dependencies": { "@aws-sdk/middleware-user-agent": "^3.972.29", "@aws-sdk/types": "^3.973.7", "@smithy/node-config-provider": "^4.3.13", "@smithy/types": "^4.14.0", "@smithy/util-config-provider": "^4.2.2", "tslib": "^2.6.2" }, "peerDependencies": { "aws-crt": ">=1.0.0" }, "optionalPeers": ["aws-crt"] }, "sha512-fYn3s9PtKdgQkczGZCFMgkNEe8aq1JCVbnRqjqN9RSVW43xn2RV9xdcZ3z01a48Jpkuh/xCmBKJxdLOo4Ozg7w=="],

    "@aws-sdk/xml-builder": ["@aws-sdk/xml-builder@3.972.17", "", { "dependencies": { "@smithy/types": "^4.14.0", "fast-xml-parser": "5.5.8", "tslib": "^2.6.2" } }, "sha512-Ra7hjqAZf1OXRRMueB13qex7mFJRDK/pgCvdSFemXBT8KCGnQDPoKzHY1SjN+TjJVmnpSF14W5tJ1vDamFu+Gg=="],

    "@aws/lambda-invoke-store": ["@aws/lambda-invoke-store@0.2.4", "", {}, "sha512-iY8yvjE0y651BixKNPgmv1WrQc+GZ142sb0z4gYnChDDY2YqI4P/jsSopBWrKfAt7LOJAkOXt7rC/hms+WclQQ=="],

    "@smithy/config-resolver": ["@smithy/config-resolver@4.4.14", "", { "dependencies": { "@smithy/node-config-provider": "^4.3.13", "@smithy/types": "^4.14.0", "@smithy/util-config-provider": "^4.2.2", "@smithy/util-endpoints": "^3.3.4", "@smithy/util-middleware": "^4.2.13", "tslib": "^2.6.2" } }, "sha512-N55f8mPEccpzKetUagdvmAy8oohf0J5cuj9jLI1TaSceRlq0pJsIZepY3kmAXAhyxqXPV6hDerDQhqQPKWgAoQ=="],

    "@smithy/core": ["@smithy/core@3.23.14", "", { "dependencies": { "@smithy/protocol-http": "^5.3.13", "@smithy/types": "^4.14.0", "@smithy/url-parser": "^4.2.13", "@smithy/util-base64": "^4.3.2", "@smithy/util-body-length-browser": "^4.2.2", "@smithy/util-middleware": "^4.2.13", "@smithy/util-stream": "^4.5.22", "@smithy/util-utf8": "^4.2.2", "@smithy/uuid": "^1.1.2", "tslib": "^2.6.2" } }, "sha512-vJ0IhpZxZAkFYOegMKSrxw7ujhhT2pass/1UEcZ4kfl5srTAqtPU5I7MdYQoreVas3204ykCiNhY1o7Xlz6Yyg=="],

    "@smithy/credential-provider-imds": ["@smithy/credential-provider-imds@4.2.13", "", { "dependencies": { "@smithy/node-config-provider": "^4.3.13", "@smithy/property-provider": "^4.2.13", "@smithy/types": "^4.14.0", "@smithy/url-parser": "^4.2.13", "tslib": "^2.6.2" } }, "sha512-wboCPijzf6RJKLOvnjDAiBxGSmSnGXj35o5ZAWKDaHa/cvQ5U3ZJ13D4tMCE8JG4dxVAZFy/P0x/V9CwwdfULQ=="],

    "@smithy/fetch-http-handler": ["@smithy/fetch-http-handler@5.3.16", "", { "dependencies": { "@smithy/protocol-http": "^5.3.13", "@smithy/querystring-builder": "^4.2.13", "@smithy/types": "^4.14.0", "@smithy/util-base64": "^4.3.2", "tslib": "^2.6.2" } }, "sha512-nYDRUIvNd4mFmuXraRWt6w5UsZTNqtj4hXJA/iiOD4tuseIdLP9Lq38teH/SZTcIFCa2f+27o7hYpIsWktJKEQ=="],

    "@smithy/hash-node": ["@smithy/hash-node@4.2.13", "", { "dependencies": { "@smithy/types": "^4.14.0", "@smithy/util-buffer-from": "^4.2.2", "@smithy/util-utf8": "^4.2.2", "tslib": "^2.6.2" } }, "sha512-4/oy9h0jjmY80a2gOIo75iLl8TOPhmtx4E2Hz+PfMjvx/vLtGY4TMU/35WRyH2JHPfT5CVB38u4JRow7gnmzJA=="],

    "@smithy/invalid-dependency": ["@smithy/invalid-dependency@4.2.13", "", { "dependencies": { "@smithy/types": "^4.14.0", "tslib": "^2.6.2" } }, "sha512-jvC0RB/8BLj2SMIkY0Npl425IdnxZJxInpZJbu563zIRnVjpDMXevU3VMCRSabaLB0kf/eFIOusdGstrLJ8IDg=="],

    "@smithy/is-array-buffer": ["@smithy/is-array-buffer@4.2.2", "", { "dependencies": { "tslib": "^2.6.2" } }, "sha512-n6rQ4N8Jj4YTQO3YFrlgZuwKodf4zUFs7EJIWH86pSCWBaAtAGBFfCM7Wx6D2bBJ2xqFNxGBSrUWswT3M0VJow=="],

    "@smithy/middleware-content-length": ["@smithy/middleware-content-length@4.2.13", "", { "dependencies": { "@smithy/protocol-http": "^5.3.13", "@smithy/types": "^4.14.0", "tslib": "^2.6.2" } }, "sha512-IPMLm/LE4AZwu6qiE8Rr8vJsWhs9AtOdySRXrOM7xnvclp77Tyh7hMs/FRrMf26kgIe67vFJXXOSmVxS7oKeig=="],

    "@smithy/middleware-endpoint": ["@smithy/middleware-endpoint@4.4.29", "", { "dependencies": { "@smithy/core": "^3.23.14", "@smithy/middleware-serde": "^4.2.17", "@smithy/node-config-provider": "^4.3.13", "@smithy/shared-ini-file-loader": "^4.4.8", "@smithy/types": "^4.14.0", "@smithy/url-parser": "^4.2.13", "@smithy/util-middleware": "^4.2.13", "tslib": "^2.6.2" } }, "sha512-R9Q/58U+qBiSARGWbAbFLczECg/RmysRksX6Q8BaQEpt75I7LI6WGDZnjuC9GXSGKljEbA7N118LhGaMbfrTXw=="],

    "@smithy/middleware-retry": ["@smithy/middleware-retry@4.5.1", "", { "dependencies": { "@smithy/core": "^3.23.14", "@smithy/node-config-provider": "^4.3.13", "@smithy/protocol-http": "^5.3.13", "@smithy/service-error-classification": "^4.2.13", "@smithy/smithy-client": "^4.12.9", "@smithy/types": "^4.14.0", "@smithy/util-middleware": "^4.2.13", "@smithy/util-retry": "^4.3.1", "@smithy/uuid": "^1.1.2", "tslib": "^2.6.2" } }, "sha512-/zY+Gp7Qj2D2hVm3irkCyONER7E9MiX3cUUm/k2ZmhkzZkrPgwVS4aJ5NriZUEN/M0D1hhjrgjUmX04HhRwdWA=="],

    "@smithy/middleware-serde": ["@smithy/middleware-serde@4.2.17", "", { "dependencies": { "@smithy/core": "^3.23.14", "@smithy/protocol-http": "^5.3.13", "@smithy/types": "^4.14.0", "tslib": "^2.6.2" } }, "sha512-0T2mcaM6v9W1xku86Dk0bEW7aEseG6KenFkPK98XNw0ZhOqOiD1MrMsdnQw9QsL3/Oa85T53iSMlm0SZdSuIEQ=="],

    "@smithy/middleware-stack": ["@smithy/middleware-stack@4.2.13", "", { "dependencies": { "@smithy/types": "^4.14.0", "tslib": "^2.6.2" } }, "sha512-g72jN/sGDLyTanrCLH9fhg3oysO3f7tQa6eWWsMyn2BiYNCgjF24n4/I9wff/5XidFvjj9ilipAoQrurTUrLvw=="],

    "@smithy/node-config-provider": ["@smithy/node-config-provider@4.3.13", "", { "dependencies": { "@smithy/property-provider": "^4.2.13", "@smithy/shared-ini-file-loader": "^4.4.8", "@smithy/types": "^4.14.0", "tslib": "^2.6.2" } }, "sha512-iGxQ04DsKXLckbgnX4ipElrOTk+IHgTyu0q0WssZfYhDm9CQWHmu6cOeI5wmWRxpXbBDhIIfXMWz5tPEtcVqbw=="],

    "@smithy/node-http-handler": ["@smithy/node-http-handler@4.5.2", "", { "dependencies": { "@smithy/protocol-http": "^5.3.13", "@smithy/querystring-builder": "^4.2.13", "@smithy/types": "^4.14.0", "tslib": "^2.6.2" } }, "sha512-/oD7u8M0oj2ZTFw7GkuuHWpIxtWdLlnyNkbrWcyVYhd5RJNDuczdkb0wfnQICyNFrVPlr8YHOhamjNy3zidhmA=="],

    "@smithy/property-provider": ["@smithy/property-provider@4.2.13", "", { "dependencies": { "@smithy/types": "^4.14.0", "tslib": "^2.6.2" } }, "sha512-bGzUCthxRmezuxkbu9wD33wWg9KX3hJpCXpQ93vVkPrHn9ZW6KNNdY5xAUWNuRCwQ+VyboFuWirG1lZhhkcyRQ=="],

    "@smithy/protocol-http": ["@smithy/protocol-http@5.3.13", "", { "dependencies": { "@smithy/types": "^4.14.0", "tslib": "^2.6.2" } }, "sha512-+HsmuJUF4u8POo6s8/a2Yb/AQ5t/YgLovCuHF9oxbocqv+SZ6gd8lC2duBFiCA/vFHoHQhoq7QjqJqZC6xOxxg=="],

    "@smithy/querystring-builder": ["@smithy/querystring-builder@4.2.13", "", { "dependencies": { "@smithy/types": "^4.14.0", "@smithy/util-uri-escape": "^4.2.2", "tslib": "^2.6.2" } }, "sha512-tG4aOYFCZdPMjbgfhnIQ322H//ojujldp1SrHPHpBSb3NqgUp3dwiUGRJzie87hS1DYwWGqDuPaowoDF+rYCbQ=="],

    "@smithy/querystring-parser": ["@smithy/querystring-parser@4.2.13", "", { "dependencies": { "@smithy/types": "^4.14.0", "tslib": "^2.6.2" } }, "sha512-hqW3Q4P+CDzUyQ87GrboGMeD7XYNMOF+CuTwu936UQRB/zeYn3jys8C3w+wMkDfY7CyyyVwZQ5cNFoG0x1pYmA=="],

    "@smithy/service-error-classification": ["@smithy/service-error-classification@4.2.13", "", { "dependencies": { "@smithy/types": "^4.14.0" } }, "sha512-a0s8XZMfOC/qpqq7RCPvJlk93rWFrElH6O++8WJKz0FqnA4Y7fkNi/0mnGgSH1C4x6MFsuBA8VKu4zxFrMe5Vw=="],

    "@smithy/shared-ini-file-loader": ["@smithy/shared-ini-file-loader@4.4.8", "", { "dependencies": { "@smithy/types": "^4.14.0", "tslib": "^2.6.2" } }, "sha512-VZCZx2bZasxdqxVgEAhREvDSlkatTPnkdWy1+Kiy8w7kYPBosW0V5IeDwzDUMvWBt56zpK658rx1cOBFOYaPaw=="],

    "@smithy/signature-v4": ["@smithy/signature-v4@5.3.13", "", { "dependencies": { "@smithy/is-array-buffer": "^4.2.2", "@smithy/protocol-http": "^5.3.13", "@smithy/types": "^4.14.0", "@smithy/util-hex-encoding": "^4.2.2", "@smithy/util-middleware": "^4.2.13", "@smithy/util-uri-escape": "^4.2.2", "@smithy/util-utf8": "^4.2.2", "tslib": "^2.6.2" } }, "sha512-YpYSyM0vMDwKbHD/JA7bVOF6kToVRpa+FM5ateEVRpsTNu564g1muBlkTubXhSKKYXInhpADF46FPyrZcTLpXg=="],

    "@smithy/smithy-client": ["@smithy/smithy-client@4.12.9", "", { "dependencies": { "@smithy/core": "^3.23.14", "@smithy/middleware-endpoint": "^4.4.29", "@smithy/middleware-stack": "^4.2.13", "@smithy/protocol-http": "^5.3.13", "@smithy/types": "^4.14.0", "@smithy/util-stream": "^4.5.22", "tslib": "^2.6.2" } }, "sha512-ovaLEcTU5olSeHcRXcxV6viaKtpkHZumn6Ps0yn7dRf2rRSfy794vpjOtrWDO0d1auDSvAqxO+lyhERSXQ03EQ=="],

    "@smithy/types": ["@smithy/types@4.14.0", "", { "dependencies": { "tslib": "^2.6.2" } }, "sha512-OWgntFLW88kx2qvf/c/67Vno1yuXm/f9M7QFAtVkkO29IJXGBIg0ycEaBTH0kvCtwmvZxRujrgP5a86RvsXJAQ=="],

    "@smithy/url-parser": ["@smithy/url-parser@4.2.13", "", { "dependencies": { "@smithy/querystring-parser": "^4.2.13", "@smithy/types": "^4.14.0", "tslib": "^2.6.2" } }, "sha512-2G03yoboIRZlZze2+PT4GZEjgwQsJjUgn6iTsvxA02bVceHR6vp4Cuk7TUnPFWKF+ffNUk3kj4COwkENS2K3vw=="],

    "@smithy/util-base64": ["@smithy/util-base64@4.3.2", "", { "dependencies": { "@smithy/util-buffer-from": "^4.2.2", "@smithy/util-utf8": "^4.2.2", "tslib": "^2.6.2" } }, "sha512-XRH6b0H/5A3SgblmMa5ErXQ2XKhfbQB+Fm/oyLZ2O2kCUrwgg55bU0RekmzAhuwOjA9qdN5VU2BprOvGGUkOOQ=="],

    "@smithy/util-body-length-browser": ["@smithy/util-body-length-browser@4.2.2", "", { "dependencies": { "tslib": "^2.6.2" } }, "sha512-JKCrLNOup3OOgmzeaKQwi4ZCTWlYR5H4Gm1r2uTMVBXoemo1UEghk5vtMi1xSu2ymgKVGW631e2fp9/R610ZjQ=="],

    "@smithy/util-body-length-node": ["@smithy/util-body-length-node@4.2.3", "", { "dependencies": { "tslib": "^2.6.2" } }, "sha512-ZkJGvqBzMHVHE7r/hcuCxlTY8pQr1kMtdsVPs7ex4mMU+EAbcXppfo5NmyxMYi2XU49eqaz56j2gsk4dHHPG/g=="],

    "@smithy/util-buffer-from": ["@smithy/util-buffer-from@4.2.2", "", { "dependencies": { "@smithy/is-array-buffer": "^4.2.2", "tslib": "^2.6.2" } }, "sha512-FDXD7cvUoFWwN6vtQfEta540Y/YBe5JneK3SoZg9bThSoOAC/eGeYEua6RkBgKjGa/sz6Y+DuBZj3+YEY21y4Q=="],

    "@smithy/util-config-provider": ["@smithy/util-config-provider@4.2.2", "", { "dependencies": { "tslib": "^2.6.2" } }, "sha512-dWU03V3XUprJwaUIFVv4iOnS1FC9HnMHDfUrlNDSh4315v0cWyaIErP8KiqGVbf5z+JupoVpNM7ZB3jFiTejvQ=="],

    "@smithy/util-defaults-mode-browser": ["@smithy/util-defaults-mode-browser@4.3.45", "", { "dependencies": { "@smithy/property-provider": "^4.2.13", "@smithy/smithy-client": "^4.12.9", "@smithy/types": "^4.14.0", "tslib": "^2.6.2" } }, "sha512-ag9sWc6/nWZAuK3Wm9KlFJUnRkXLrXn33RFjIAmCTFThqLHY+7wCst10BGq56FxslsDrjhSie46c8OULS+BiIw=="],

    "@smithy/util-defaults-mode-node": ["@smithy/util-defaults-mode-node@4.2.49", "", { "dependencies": { "@smithy/config-resolver": "^4.4.14", "@smithy/credential-provider-imds": "^4.2.13", "@smithy/node-config-provider": "^4.3.13", "@smithy/property-provider": "^4.2.13", "@smithy/smithy-client": "^4.12.9", "@smithy/types": "^4.14.0", "tslib": "^2.6.2" } }, "sha512-jlN6vHwE8gY5AfiFBavtD3QtCX2f7lM3BKkz7nFKSNfFR5nXLXLg6sqXTJEEyDwtxbztIDBQCfjsGVXlIru2lQ=="],

    "@smithy/util-endpoints": ["@smithy/util-endpoints@3.3.4", "", { "dependencies": { "@smithy/node-config-provider": "^4.3.13", "@smithy/types": "^4.14.0", "tslib": "^2.6.2" } }, "sha512-BKoR/ubPp9KNKFxPpg1J28N1+bgu8NGAtJblBP7yHy8yQPBWhIAv9+l92SlQLpolGm71CVO+btB60gTgzT0wog=="],

    "@smithy/util-hex-encoding": ["@smithy/util-hex-encoding@4.2.2", "", { "dependencies": { "tslib": "^2.6.2" } }, "sha512-Qcz3W5vuHK4sLQdyT93k/rfrUwdJ8/HZ+nMUOyGdpeGA1Wxt65zYwi3oEl9kOM+RswvYq90fzkNDahPS8K0OIg=="],

    "@smithy/util-middleware": ["@smithy/util-middleware@4.2.13", "", { "dependencies": { "@smithy/types": "^4.14.0", "tslib": "^2.6.2" } }, "sha512-GTooyrlmRTqvUen4eK7/K1p6kryF7bnDfq6XsAbIsf2mo51B/utaH+XThY6dKgNCWzMAaH/+OLmqaBuLhLWRow=="],

    "@smithy/util-retry": ["@smithy/util-retry@4.3.1", "", { "dependencies": { "@smithy/service-error-classification": "^4.2.13", "@smithy/types": "^4.14.0", "tslib": "^2.6.2" } }, "sha512-FwmicpgWOkP5kZUjN3y+3JIom8NLGqSAJBeoIgK0rIToI817TEBHCrd0A2qGeKQlgDeP+Jzn4i0H/NLAXGy9uQ=="],

    "@smithy/util-stream": ["@smithy/util-stream@4.5.22", "", { "dependencies": { "@smithy/fetch-http-handler": "^5.3.16", "@smithy/node-http-handler": "^4.5.2", "@smithy/types": "^4.14.0", "@smithy/util-base64": "^4.3.2", "@smithy/util-buffer-from": "^4.2.2", "@smithy/util-hex-encoding": "^4.2.2", "@smithy/util-utf8": "^4.2.2", "tslib": "^2.6.2" } }, "sha512-3H8iq/0BfQjUs2/4fbHZ9aG9yNzcuZs24LPkcX1Q7Z+qpqaGM8+qbGmE8zo9m2nCRgamyvS98cHdcWvR6YUsew=="],

    "@smithy/util-uri-escape": ["@smithy/util-uri-escape@4.2.2", "", { "dependencies": { "tslib": "^2.6.2" } }, "sha512-2kAStBlvq+lTXHyAZYfJRb/DfS3rsinLiwb+69SstC9Vb0s9vNWkRwpnj918Pfi85mzi42sOqdV72OLxWAISnw=="],

    "@smithy/util-utf8": ["@smithy/util-utf8@4.2.2", "", { "dependencies": { "@smithy/util-buffer-from": "^4.2.2", "tslib": "^2.6.2" } }, "sha512-75MeYpjdWRe8M5E3AW0O4Cx3UadweS+cwdXjwYGBW5h/gxxnbeZ877sLPX/ZJA9GVTlL/qG0dXP29JWFCD1Ayw=="],

    "@smithy/uuid": ["@smithy/uuid@1.1.2", "", { "dependencies": { "tslib": "^2.6.2" } }, "sha512-O/IEdcCUKkubz60tFbGA7ceITTAJsty+lBjNoorP4Z6XRqaFb/OjQjZODophEcuq68nKm6/0r+6/lLQ+XVpk8g=="],

    "@types/bun": ["@types/bun@1.3.12", "", { "dependencies": { "bun-types": "1.3.12" } }, "sha512-DBv81elK+/VSwXHDlnH3Qduw+KxkTIWi7TXkAeh24zpi5l0B2kUg9Ga3tb4nJaPcOFswflgi/yAvMVBPrxMB+A=="],

    "@types/node": ["@types/node@25.6.0", "", { "dependencies": { "undici-types": "~7.19.0" } }, "sha512-+qIYRKdNYJwY3vRCZMdJbPLJAtGjQBudzZzdzwQYkEPQd+PJGixUL5QfvCLDaULoLv+RhT3LDkwEfKaAkgSmNQ=="],

    "bowser": ["bowser@2.14.1", "", {}, "sha512-tzPjzCxygAKWFOJP011oxFHs57HzIhOEracIgAePE4pqB3LikALKnSzUyU4MGs9/iCEUuHlAJTjTc5M+u7YEGg=="],

    "bun-types": ["bun-types@1.3.12", "", { "dependencies": { "@types/node": "*" } }, "sha512-HqOLj5PoFajAQciOMRiIZGNoKxDJSr6qigAttOX40vJuSp6DN/CxWp9s3C1Xwm4oH7ybueITwiaOcWXoYVoRkA=="],

    "commander": ["commander@12.1.0", "", {}, "sha512-Vw8qHK3bZM9y/P10u3Vib8o/DdkvA2OtPtZvD871QKjy74Wj1WSKFILMPRPSdUSx5RFK1arlJzEtA4PkFgnbuA=="],

    "dotenv": ["dotenv@16.6.1", "", {}, "sha512-uBq4egWHTcTt33a72vpSG0z3HnPuIl6NqYcTrKEg2azoEyl2hpW0zqlxysq2pK9HlDIHyHyakeYaYnSAwd8bow=="],

    "fast-xml-builder": ["fast-xml-builder@1.1.4", "", { "dependencies": { "path-expression-matcher": "^1.1.3" } }, "sha512-f2jhpN4Eccy0/Uz9csxh3Nu6q4ErKxf0XIsasomfOihuSUa3/xw6w8dnOtCDgEItQFJG8KyXPzQXzcODDrrbOg=="],

    "fast-xml-parser": ["fast-xml-parser@5.5.8", "", { "dependencies": { "fast-xml-builder": "^1.1.4", "path-expression-matcher": "^1.2.0", "strnum": "^2.2.0" }, "bin": { "fxparser": "src/cli/cli.js" } }, "sha512-Z7Fh2nVQSb2d+poDViM063ix2ZGt9jmY1nWhPfHBOK2Hgnb/OW3P4Et3P/81SEej0J7QbWtJqxO05h8QYfK7LQ=="],

    "path-expression-matcher": ["path-expression-matcher@1.5.0", "", {}, "sha512-cbrerZV+6rvdQrrD+iGMcZFEiiSrbv9Tfdkvnusy6y0x0GKBXREFg/Y65GhIfm0tnLntThhzCnfKwp1WRjeCyQ=="],

    "strnum": ["strnum@2.2.3", "", {}, "sha512-oKx6RUCuHfT3oyVjtnrmn19H1SiCqgJSg+54XqURKp5aCMbrXrhLjRN9TjuwMjiYstZ0MzDrHqkGZ5dFTKd+zg=="],

    "tslib": ["tslib@2.8.1", "", {}, "sha512-oJFu94HQb+KVduSUQL7wnpmqnfmLsOA/nAh6b6EH0wCEoK0/mPeXU6c3wKDV83MkOuHPRHtSXKKU99IBazS/2w=="],

    "typescript": ["typescript@5.9.3", "", { "bin": { "tsc": "bin/tsc", "tsserver": "bin/tsserver" } }, "sha512-jl1vZzPDinLr9eUt3J/t7V6FgNEw9QjvBPdysz9KfQDD41fQrC2Y4vKQdiaUpFT4bXlb1RHhLpp8wtm6M5TgSw=="],

    "undici-types": ["undici-types@7.19.2", "", {}, "sha512-qYVnV5OEm2AW8cJMCpdV20CDyaN3g0AjDlOGf1OW4iaDEx8MwdtChUp4zu4H0VP3nDRF/8RKWH+IPp9uW0YGZg=="],

    "@aws-crypto/sha256-browser/@smithy/util-utf8": ["@smithy/util-utf8@2.3.0", "", { "dependencies": { "@smithy/util-buffer-from": "^2.2.0", "tslib": "^2.6.2" } }, "sha512-R8Rdn8Hy72KKcebgLiv8jQcQkXoLMOGGv5uI1/k0l+snqkOzQ1R0ChUBCxWMlBsFMekWjq0wRudIweFs7sKT5A=="],

    "@aws-crypto/util/@smithy/util-utf8": ["@smithy/util-utf8@2.3.0", "", { "dependencies": { "@smithy/util-buffer-from": "^2.2.0", "tslib": "^2.6.2" } }, "sha512-R8Rdn8Hy72KKcebgLiv8jQcQkXoLMOGGv5uI1/k0l+snqkOzQ1R0ChUBCxWMlBsFMekWjq0wRudIweFs7sKT5A=="],

    "@aws-crypto/sha256-browser/@smithy/util-utf8/@smithy/util-buffer-from": ["@smithy/util-buffer-from@2.2.0", "", { "dependencies": { "@smithy/is-array-buffer": "^2.2.0", "tslib": "^2.6.2" } }, "sha512-IJdWBbTcMQ6DA0gdNhh/BwrLkDR+ADW5Kr1aZmd4k3DIF6ezMV4R2NIAmT08wQJ3yUK82thHWmC/TnK/wpMMIA=="],

    "@aws-crypto/util/@smithy/util-utf8/@smithy/util-buffer-from": ["@smithy/util-buffer-from@2.2.0", "", { "dependencies": { "@smithy/is-array-buffer": "^2.2.0", "tslib": "^2.6.2" } }, "sha512-IJdWBbTcMQ6DA0gdNhh/BwrLkDR+ADW5Kr1aZmd4k3DIF6ezMV4R2NIAmT08wQJ3yUK82thHWmC/TnK/wpMMIA=="],

    "@aws-crypto/sha256-browser/@smithy/util-utf8/@smithy/util-buffer-from/@smithy/is-array-buffer": ["@smithy/is-array-buffer@2.2.0", "", { "dependencies": { "tslib": "^2.6.2" } }, "sha512-GGP3O9QFD24uGeAXYUjwSTXARoqpZykHadOmA8G5vfJPK0/DC67qa//0qvqrJzL1xc8WQWX7/yc7fwudjPHPhA=="],

    "@aws-crypto/util/@smithy/util-utf8/@smithy/util-buffer-from/@smithy/is-array-buffer": ["@smithy/is-array-buffer@2.2.0", "", { "dependencies": { "tslib": "^2.6.2" } }, "sha512-GGP3O9QFD24uGeAXYUjwSTXARoqpZykHadOmA8G5vfJPK0/DC67qa//0qvqrJzL1xc8WQWX7/yc7fwudjPHPhA=="],
  }
}
